
Microsoft Visual Studio Solution File, Format Version 12.00
# Visual Studio Version 17
VisualStudioVersion = 17.11.35222.181
MinimumVisualStudioVersion = 10.0.40219.1
Project("{8BC9CEB8-8B4A-11D0-8D11-00A0C91BC942}") = "bzfile", "bzfile.vcxproj", "{0EF99A72-C563-4220-A4DA-E78C7749226B}"
EndProject
Global
	GlobalSection(SolutionConfigurationPlatforms) = preSolution
		Debug|x86 = Debug|x86
		Release|x86 = Release|x86
	EndGlobalSection
	GlobalSection(ProjectConfigurationPlatforms) = postSolution
		{0EF99A72-C563-4220-A4DA-E78C7749226B}.Debug|x86.ActiveCfg = Debug|Win32
		{0EF99A72-C563-4220-A4DA-E78C7749226B}.Debug|x86.Build.0 = Debug|Win32
		{0EF99A72-C563-4220-A4DA-E78C7749226B}.Release|x86.ActiveCfg = Release|Win32
		{0EF99A72-C563-4220-A4DA-E78C7749226B}.Release|x86.Build.0 = Release|Win32
	EndGlobalSection
	GlobalSection(SolutionProperties) = preSolution
		HideSolutionNode = FALSE
	EndGlobalSection
	GlobalSection(ExtensibilityGlobals) = postSolution
		SolutionGuid = {B96AA879-CCF9-480B-BE33-ED671AAE56B2}
	EndGlobalSection
EndGlobal
